
Microsoft Visual Studio Solution File, Format Version 12.00
# Visual Studio 15
Project("{FAE04EC0-301F-11D3-BF4B-00C04F79EFBC}") = "Drone_AR", "Drone_AR.csproj", "{5C9D8653-98C4-3DC3-055F-5676174A3ABD}"
EndProject
Project("{FAE04EC0-301F-11D3-BF4B-00C04F79EFBC}") = "Drone_AR.Editor", "Drone_AR.Editor.csproj", "{90160211-50E9-0252-AD84-3E5ACBB509EB}"
EndProject
Global
	GlobalSection(SolutionConfigurationPlatforms) = preSolution
		Debug|Any CPU = Debug|Any CPU
		Release|Any CPU = Release|Any CPU
	EndGlobalSection
	GlobalSection(ProjectConfigurationPlatforms) = postSolution
		{5C9D8653-98C4-3DC3-055F-5676174A3ABD}.Debug|Any CPU.ActiveCfg = Debug|Any CPU
		{5C9D8653-98C4-3DC3-055F-5676174A3ABD}.Debug|Any CPU.Build.0 = Debug|Any CPU
		{5C9D8653-98C4-3DC3-055F-5676174A3ABD}.Release|Any CPU.ActiveCfg = Release|Any CPU
		{5C9D8653-98C4-3DC3-055F-5676174A3ABD}.Release|Any CPU.Build.0 = Release|Any CPU
		{90160211-50E9-0252-AD84-3E5ACBB509EB}.Debug|Any CPU.ActiveCfg = Debug|Any CPU
		{90160211-50E9-0252-AD84-3E5ACBB509EB}.Debug|Any CPU.Build.0 = Debug|Any CPU
		{90160211-50E9-0252-AD84-3E5ACBB509EB}.Release|Any CPU.ActiveCfg = Release|Any CPU
		{90160211-50E9-0252-AD84-3E5ACBB509EB}.Release|Any CPU.Build.0 = Release|Any CPU
	EndGlobalSection
	GlobalSection(SolutionProperties) = preSolution
		HideSolutionNode = FALSE
	EndGlobalSection
EndGlobal
