
Microsoft Visual Studio Solution File, Format Version 12.00
# Visual Studio 15
Project("{FAE04EC0-301F-11D3-BF4B-00C04F79EFBC}") = "Everywhere_door", "Everywhere_door.csproj", "{58801C34-80C6-C761-00D3-9C3DC48D91B6}"
EndProject
Project("{FAE04EC0-301F-11D3-BF4B-00C04F79EFBC}") = "Everywhere_door.Editor", "Everywhere_door.Editor.csproj", "{2D9F8AA5-F366-007C-2112-937906B71A0E}"
EndProject
Global
	GlobalSection(SolutionConfigurationPlatforms) = preSolution
		Debug|Any CPU = Debug|Any CPU
		Release|Any CPU = Release|Any CPU
	EndGlobalSection
	GlobalSection(ProjectConfigurationPlatforms) = postSolution
		{58801C34-80C6-C761-00D3-9C3DC48D91B6}.Debug|Any CPU.ActiveCfg = Debug|Any CPU
		{58801C34-80C6-C761-00D3-9C3DC48D91B6}.Debug|Any CPU.Build.0 = Debug|Any CPU
		{58801C34-80C6-C761-00D3-9C3DC48D91B6}.Release|Any CPU.ActiveCfg = Release|Any CPU
		{58801C34-80C6-C761-00D3-9C3DC48D91B6}.Release|Any CPU.Build.0 = Release|Any CPU
		{2D9F8AA5-F366-007C-2112-937906B71A0E}.Debug|Any CPU.ActiveCfg = Debug|Any CPU
		{2D9F8AA5-F366-007C-2112-937906B71A0E}.Debug|Any CPU.Build.0 = Debug|Any CPU
		{2D9F8AA5-F366-007C-2112-937906B71A0E}.Release|Any CPU.ActiveCfg = Release|Any CPU
		{2D9F8AA5-F366-007C-2112-937906B71A0E}.Release|Any CPU.Build.0 = Release|Any CPU
	EndGlobalSection
	GlobalSection(SolutionProperties) = preSolution
		HideSolutionNode = FALSE
	EndGlobalSection
EndGlobal
